# This file is autogenerated, do not edit; changes may be undone by the next 'dep ensure'.


[[projects]]
  digest = "1:290ebce12c4232722bcad98512cad7b7ade11a77d2bcaae9e29a04695e6f9c80"
  name = "github.com/aws/aws-sdk-go"
  packages = [
    "aws",
    "aws/awserr",
    "aws/awsutil",
    "aws/client",
    "aws/client/metadata",
    "aws/corehandlers",
    "aws/credentials",
    "aws/credentials/ec2rolecreds",
    "aws/credentials/endpointcreds",
    "aws/credentials/stscreds",
    "aws/csm",
    "aws/defaults",
    "aws/ec2metadata",
    "aws/endpoints",
    "aws/request",
    "aws/session",
    "aws/signer/v4",
    "internal/sdkio",
    "internal/sdkrand",
    "internal/sdkuri",
    "internal/shareddefaults",
    "private/protocol",
    "private/protocol/eventstream",
    "private/protocol/eventstream/eventstreamapi",
    "private/protocol/json/jsonutil",
    "private/protocol/jsonrpc",
    "private/protocol/query",
    "private/protocol/query/queryutil",
    "private/protocol/rest",
    "private/protocol/restjson",
    "private/protocol/restxml",
    "private/protocol/xml/xmlutil",
    "service/iam",
    "service/iam/iamiface",
    "service/kms",
    "service/kms/kmsiface",
    "service/lambda",
    "service/lambda/lambdaiface",
    "service/s3",
    "service/sts",
    "service/sts/stsiface",
  ]
  pruneopts = "UT"
  revision = "3dd4f56d3cb9d194293525540562216f81bd3f27"
  version = "v1.15.37"

[[projects]]
  branch = "master"
  digest = "1:37011b20a70e205b93ebea5287e1afa5618db54bf3998c36ff5a8e4b146a170a"
  name = "github.com/bgentry/go-netrc"
  packages = ["netrc"]
  pruneopts = "UT"
  revision = "9fd32a8b3d3d3f9d43c341bfe098430e07609480"

[[projects]]
  digest = "1:705c40022f5c03bf96ffeb6477858d88565064485a513abcd0f11a0911546cb6"
  name = "github.com/blang/semver"
  packages = ["."]
  pruneopts = "UT"
  revision = "2ee87856327ba09384cabd113bc6b5d174e9ec0f"
  version = "v3.5.1"

[[projects]]
  branch = "master"
  digest = "1:7918479151194c6614c385b14618f401b8e7d94ede06c410a21529557d237ee2"
  name = "github.com/chanzuckerberg/go-kmsauth"
  packages = ["."]
  pruneopts = "UT"
  revision = "559481f317270fe22b308720b00d294aeb7fa4d2"

[[projects]]
  branch = "master"
  digest = "1:f9f2efde46b70cfd1542eac836f5c3461200c299858f3116de58da4305abc552"
  name = "github.com/chanzuckerberg/go-misc"
  packages = ["aws"]
  pruneopts = "UT"
  revision = "f873512ea14aede5fb0c66af456ea3cea3899579"

[[projects]]
  digest = "1:ffe9824d294da03b391f44e1ae8281281b4afc1bdaa9588c9097785e3af10cec"
  name = "github.com/davecgh/go-spew"
  packages = ["spew"]
  pruneopts = "UT"
  revision = "8991bc29aa16c548c550c7ff78260e27b9ab7c73"
  version = "v1.1.1"

[[projects]]
  digest = "1:5abd6a22805b1919f6a6bca0ae58b13cef1f3412812f38569978f43ef02743d4"
  name = "github.com/go-ini/ini"
  packages = ["."]
  pruneopts = "UT"
  revision = "5cf292cae48347c2490ac1a58fe36735fb78df7e"
  version = "v1.38.2"

[[projects]]
  digest = "1:e1ff887e232b2d8f4f7c7db15a5fac7be418025afc4dda53c59c765dbb5aa6b4"
  name = "github.com/go-playground/locales"
  packages = [
    ".",
    "currency",
  ]
  pruneopts = "UT"
  revision = "f63010822830b6fe52288ee52d5a1151088ce039"
  version = "v0.12.1"

[[projects]]
  digest = "1:e022cf244bcac1b6ef933f1a2e0adcf6a6dfd7b872d8d41e4d4179bb09a87cbc"
  name = "github.com/go-playground/universal-translator"
  packages = ["."]
  pruneopts = "UT"
  revision = "b32fa301c9fe55953584134cb6853a13c87ec0a1"
  version = "v0.16.0"

[[projects]]
  digest = "1:0ade334594e69404d80d9d323445d2297ff8161637f9b2d347cc6973d2d6f05b"
  name = "github.com/hashicorp/errwrap"
  packages = ["."]
  pruneopts = "UT"
  revision = "8a6fb523712970c966eefc6b39ed2c5e74880354"
  version = "v1.0.0"

[[projects]]
  digest = "1:f47d6109c2034cb16bd62b220e18afd5aa9d5a1630fe5d937ad96a4fb7cbb277"
  name = "github.com/hashicorp/go-cleanhttp"
  packages = ["."]
  pruneopts = "UT"
  revision = "e8ab9daed8d1ddd2d3c4efba338fe2eeae2e4f18"
  version = "v0.5.0"

[[projects]]
  branch = "master"
  digest = "1:724d270a4cac0945dedb8de6357625a9d976cb640d381d3dab3144cec295db26"
  name = "github.com/hashicorp/go-getter"
  packages = [
    ".",
    "helper/url",
  ]
  pruneopts = "UT"
  revision = "4bda8fa99001c61db3cad96b421d4c12a81f256d"

[[projects]]
  digest = "1:f668349b83f7d779567c880550534addeca7ebadfdcf44b0b9c39be61864b4b7"
  name = "github.com/hashicorp/go-multierror"
  packages = ["."]
  pruneopts = "UT"
  revision = "886a7fbe3eb1c874d46f623bfa70af45f425b3d1"
  version = "v1.0.0"

[[projects]]
  digest = "1:605c47454db9040e30b20dc1b29e3e9d42d6ee742545729cdef74afb1b898ad0"
  name = "github.com/hashicorp/go-safetemp"
  packages = ["."]
  pruneopts = "UT"
  revision = "c9a55de4fe06c920a71964b53cfe3dd293a3c743"
  version = "v1.0.0"

[[projects]]
  digest = "1:77395dd3847dac9c45118c668f5dab85aedf0163dc3b38aea6578c5cf0d502f9"
  name = "github.com/hashicorp/go-version"
  packages = ["."]
  pruneopts = "UT"
  revision = "b5a281d3160aa11950a6182bd9a9dc2cb1e02d50"
  version = "v1.0.0"

[[projects]]
  branch = "master"
  digest = "1:0778dc7fce1b4669a8bfa7ae506ec1f595b6ab0f8989c1c0d22a8ca1144e9972"
  name = "github.com/howeyc/gopass"
  packages = ["."]
  pruneopts = "UT"
  revision = "bf9dde6d0d2c004a008c27aaee91170c786f6db8"

[[projects]]
  digest = "1:870d441fe217b8e689d7949fef6e43efbc787e50f200cb1e70dbca9204a1d6be"
  name = "github.com/inconshreveable/mousetrap"
  packages = ["."]
  pruneopts = "UT"
  revision = "76626ae9c91c4f2a10f34cad8ce83ea42c93bb75"
  version = "v1.0"

[[projects]]
  digest = "1:e22af8c7518e1eab6f2eab2b7d7558927f816262586cd6ed9f349c97a6c285c4"
  name = "github.com/jmespath/go-jmespath"
  packages = ["."]
  pruneopts = "UT"
  revision = "0b12d6b5"

[[projects]]
  digest = "1:78bbb1ba5b7c3f2ed0ea1eab57bdd3859aec7e177811563edc41198a760b06af"
  name = "github.com/mitchellh/go-homedir"
  packages = ["."]
  pruneopts = "UT"
  revision = "ae18d6b8b3205b561c79e8e5f69bff09736185f4"
  version = "v1.0.0"

[[projects]]
  digest = "1:42eb1f52b84a06820cedc9baec2e710bfbda3ee6dac6cdb97f8b9a5066134ec6"
  name = "github.com/mitchellh/go-testing-interface"
  packages = ["."]
  pruneopts = "UT"
  revision = "6d0b8010fcc857872e42fc6c931227569016843c"
  version = "v1.0.0"

[[projects]]
  digest = "1:40e195917a951a8bf867cd05de2a46aaf1806c50cf92eebf4c16f78cd196f747"
  name = "github.com/pkg/errors"
  packages = ["."]
  pruneopts = "UT"
  revision = "645ef00459ed84a119197bfb8d8205042c6df63d"
  version = "v0.8.0"

[[projects]]
  digest = "1:0028cb19b2e4c3112225cd871870f2d9cf49b9b4276531f03438a88e94be86fe"
  name = "github.com/pmezard/go-difflib"
  packages = ["difflib"]
  pruneopts = "UT"
  revision = "792786c7400a136282c1664665ae0a8db921c6c2"
  version = "v1.0.0"

[[projects]]
  branch = "master"
  digest = "1:4618466244d5f6dbca839b6c0151f76bc58b592d81c83fe909ea9a070269f324"
  name = "github.com/segmentio/go-prompt"
  packages = ["."]
  pruneopts = "UT"
  revision = "f0d19b6901ade831d5a3204edc0d6a7d6457fbb2"

[[projects]]
  digest = "1:d867dfa6751c8d7a435821ad3b736310c2ed68945d05b50fb9d23aee0540c8cc"
  name = "github.com/sirupsen/logrus"
  packages = ["."]
  pruneopts = "UT"
  revision = "3e01752db0189b9157070a0e1668a620f9a85da2"
  version = "v1.0.6"

[[projects]]
  digest = "1:645cabccbb4fa8aab25a956cbcbdf6a6845ca736b2c64e197ca7cbb9d210b939"
  name = "github.com/spf13/cobra"
  packages = ["."]
  pruneopts = "UT"
  revision = "ef82de70bb3f60c65fb8eebacbb2d122ef517385"
  version = "v0.0.3"

[[projects]]
  digest = "1:dab83a1bbc7ad3d7a6ba1a1cc1760f25ac38cdf7d96a5cdd55cd915a4f5ceaf9"
  name = "github.com/spf13/pflag"
  packages = ["."]
  pruneopts = "UT"
  revision = "9a97c102cda95a86cec2345a6f09f55a939babf5"
  version = "v1.0.2"

[[projects]]
  digest = "1:ac83cf90d08b63ad5f7e020ef480d319ae890c208f8524622a2f3136e2686b02"
  name = "github.com/stretchr/objx"
  packages = ["."]
  pruneopts = "UT"
  revision = "477a77ecc69700c7cdeb1fa9e129548e1c1c393c"
  version = "v0.1.1"

[[projects]]
  digest = "1:15a4a7e5afac3cea801fa24831fce3bf3b5bd3620cbf8355a07b7dbf06877883"
  name = "github.com/stretchr/testify"
  packages = [
    "assert",
    "mock",
  ]
  pruneopts = "UT"
  revision = "f35b8ab0b5a2cef36673838d662e249dd9c94686"
  version = "v1.2.2"

[[projects]]
  digest = "1:4aeb3860275fa1fd60cccfb5a6ef85da438bf17402e1e84412ade4d4b55066a0"
  name = "github.com/ulikunitz/xz"
  packages = [
    ".",
    "internal/hash",
    "internal/xlog",
    "lzma",
  ]
  pruneopts = "UT"
  revision = "0c6b41e72360850ca4f98dc341fd999726ea007f"
  version = "v0.5.4"

[[projects]]
  branch = "master"
  digest = "1:0a0319f9ca4ef4105cd909596be58789777f985d3ed96bdd01893bb54f639dda"
  name = "golang.org/x/crypto"
  packages = [
    "curve25519",
    "ed25519",
    "ed25519/internal/edwards25519",
    "internal/chacha20",
    "internal/subtle",
    "poly1305",
    "ssh",
    "ssh/terminal",
  ]
  pruneopts = "UT"
  revision = "0e37d006457bf46f9e6692014ba72ef82c33022c"

[[projects]]
  branch = "master"
  digest = "1:e10551220bea6da5274318545537df1012268056be6484b83a3338328050cde0"
  name = "golang.org/x/sys"
  packages = [
    "unix",
    "windows",
  ]
  pruneopts = "UT"
  revision = "ee1b12c67af419cf5a9be3bdbeea7fc1c5f32f11"

[[projects]]
  digest = "1:e2f64cca6e235f32cd4c2f9be9ae0cda1f8608fc6fdb68936e8d10e4e0bb074d"
  name = "gopkg.in/go-playground/validator.v9"
  packages = ["."]
  pruneopts = "UT"
  revision = "e69e9a28bb62b977fdc58d051f1bb477b7cbe486"
  version = "v9.21.0"

[[projects]]
  digest = "1:342378ac4dcb378a5448dd723f0784ae519383532f5e70ade24132c4c8693202"
  name = "gopkg.in/yaml.v2"
  packages = ["."]
  pruneopts = "UT"
  revision = "5420a8b6744d3b0345ab293f6fcba19c978f1183"
  version = "v2.2.1"

[solve-meta]
  analyzer-name = "dep"
  analyzer-version = 1
  input-imports = [
    "github.com/aws/aws-sdk-go/aws",
    "github.com/aws/aws-sdk-go/aws/credentials/stscreds",
    "github.com/aws/aws-sdk-go/aws/session",
    "github.com/blang/semver",
    "github.com/chanzuckerberg/go-kmsauth",
    "github.com/chanzuckerberg/go-misc/aws",
    "github.com/hashicorp/go-getter",
    "github.com/hashicorp/go-multierror",
    "github.com/mitchellh/go-homedir",
    "github.com/pkg/errors",
    "github.com/segmentio/go-prompt",
    "github.com/sirupsen/logrus",
    "github.com/spf13/cobra",
    "golang.org/x/crypto/ssh",
    "gopkg.in/yaml.v2",
  ]
  solver-name = "gps-cdcl"
  solver-version = 1
